
Microsoft Visual Studio Solution File, Format Version 12.00
# Visual Studio Version 16
VisualStudioVersion = 16.0.31729.503
MinimumVisualStudioVersion = 10.0.40219.1
Project("{FAE04EC0-301F-11D3-BF4B-00C04F79EFBC}") = "lb1", "lb1.csproj", "{530B4974-8F01-4268-97B9-2C2D798338D7}"
EndProject
Global
	GlobalSection(SolutionConfigurationPlatforms) = preSolution
		Debug|Any CPU = Debug|Any CPU
		Release|Any CPU = Release|Any CPU
	EndGlobalSection
	GlobalSection(ProjectConfigurationPlatforms) = postSolution
		{530B4974-8F01-4268-97B9-2C2D798338D7}.Debug|Any CPU.ActiveCfg = Debug|Any CPU
		{530B4974-8F01-4268-97B9-2C2D798338D7}.Debug|Any CPU.Build.0 = Debug|Any CPU
		{530B4974-8F01-4268-97B9-2C2D798338D7}.Release|Any CPU.ActiveCfg = Release|Any CPU
		{530B4974-8F01-4268-97B9-2C2D798338D7}.Release|Any CPU.Build.0 = Release|Any CPU
	EndGlobalSection
	GlobalSection(SolutionProperties) = preSolution
		HideSolutionNode = FALSE
	EndGlobalSection
	GlobalSection(ExtensibilityGlobals) = postSolution
		SolutionGuid = {F80109E0-614E-4EBE-B858-A3BD276D6E12}
	EndGlobalSection
EndGlobal
